{
  "version": 4,
  "terraform_version": "1.14.3",
  "serial": 24,
  "lineage": "f00b50c2-ec90-7478-9128-68fb6c4ebfab",
  "outputs": {},
  "resources": [
    {
      "mode": "managed",
      "type": "google_compute_address",
      "name": "default",
      "provider": "provider[\"registry.terraform.io/hashicorp/google-beta\"]",
      "instances": [
        {
          "schema_version": 0,
          "attributes": {
            "address": "35.210.209.64",
            "address_type": "EXTERNAL",
            "creation_timestamp": "2026-01-21T01:43:09.843-08:00",
            "description": "",
            "id": "projects/centryl-erp-123/regions/europe-west1/addresses/my-static-ip",
            "label_fingerprint": "42WmSpB8rSM=",
            "labels": {},
            "name": "my-static-ip",
            "network": "",
            "network_tier": "STANDARD",
            "prefix_length": 0,
            "project": "centryl-erp-123",
            "purpose": "",
            "region": "europe-west1",
            "self_link": "https://www.googleapis.com/compute/v1/projects/centryl-erp-123/regions/europe-west1/addresses/my-static-ip",
            "subnetwork": "",
            "timeouts": null,
            "users": []
          },
          "sensitive_attributes": [],
          "identity_schema_version": 0,
          "private": "eyJlMmJmYjczMC1lY2FhLTExZTYtOGY4OC0zNDM2M2JjN2M0YzAiOnsiY3JlYXRlIjoyNDAwMDAwMDAwMDAsImRlbGV0ZSI6MjQwMDAwMDAwMDAwLCJ1cGRhdGUiOjI0MDAwMDAwMDAwMH19",
          "dependencies": [
            "google_compute_network.default",
            "google_compute_subnetwork.default"
          ]
        }
      ]
    },
    {
      "mode": "managed",
      "type": "google_compute_firewall",
      "name": "default",
      "provider": "provider[\"registry.terraform.io/hashicorp/google-beta\"]",
      "instances": [
        {
          "schema_version": 1,
          "attributes": {
            "allow": [
              {
                "ports": [],
                "protocol": "tcp"
              }
            ],
            "creation_timestamp": "2026-01-21T01:42:38.347-08:00",
            "deny": [],
            "description": "",
            "destination_ranges": [],
            "direction": "INGRESS",
            "disabled": false,
            "enable_logging": null,
            "id": "projects/centryl-erp-123/global/firewalls/fw-allow-health-check-and-proxy",
            "log_config": [],
            "name": "fw-allow-health-check-and-proxy",
            "network": "https://www.googleapis.com/compute/v1/projects/centryl-erp-123/global/networks/my-network",
            "priority": 1000,
            "project": "centryl-erp-123",
            "self_link": "https://www.googleapis.com/compute/v1/projects/centryl-erp-123/global/firewalls/fw-allow-health-check-and-proxy",
            "source_ranges": [
              "11.129.0.0/23",
              "130.211.0.0/22",
              "35.191.0.0/16"
            ],
            "source_service_accounts": [],
            "source_tags": [],
            "target_service_accounts": [],
            "target_tags": [
              "my-cluster"
            ],
            "timeouts": null
          },
          "sensitive_attributes": [],
          "identity_schema_version": 0,
          "private": "eyJlMmJmYjczMC1lY2FhLTExZTYtOGY4OC0zNDM2M2JjN2M0YzAiOnsiY3JlYXRlIjoyNDAwMDAwMDAwMDAsImRlbGV0ZSI6MjQwMDAwMDAwMDAwLCJ1cGRhdGUiOjI0MDAwMDAwMDAwMH0sInNjaGVtYV92ZXJzaW9uIjoiMSJ9",
          "dependencies": [
            "google_compute_network.default"
          ]
        }
      ]
    },
    {
      "mode": "managed",
      "type": "google_compute_forwarding_rule",
      "name": "http",
      "provider": "provider[\"registry.terraform.io/hashicorp/google-beta\"]",
      "instances": [
        {
          "index_key": 0,
          "schema_version": 0,
          "attributes": {
            "all_ports": false,
            "allow_global_access": false,
            "backend_service": "",
            "creation_timestamp": "2026-01-21T01:52:56.063-08:00",
            "description": "",
            "id": "projects/centryl-erp-123/regions/europe-west1/forwardingRules/l7-xlb-forwarding-rule-http",
            "ip_address": "projects/centryl-erp-123/regions/europe-west1/addresses/my-static-ip",
            "ip_protocol": "TCP",
            "is_mirroring_collector": false,
            "label_fingerprint": "42WmSpB8rSM=",
            "labels": null,
            "load_balancing_scheme": "EXTERNAL_MANAGED",
            "name": "l7-xlb-forwarding-rule-http",
            "network": "projects/centryl-erp-123/global/networks/my-network",
            "network_tier": "STANDARD",
            "port_range": "80",
            "ports": null,
            "project": "centryl-erp-123",
            "region": "europe-west1",
            "self_link": "https://www.googleapis.com/compute/beta/projects/centryl-erp-123/regions/europe-west1/forwardingRules/l7-xlb-forwarding-rule-http",
            "service_label": "",
            "service_name": "",
            "subnetwork": "",
            "target": "projects/centryl-erp-123/regions/europe-west1/targetHttpProxies/l7-xlb-proxy-http",
            "timeouts": null
          },
          "sensitive_attributes": [],
          "identity_schema_version": 0,
          "private": "eyJlMmJmYjczMC1lY2FhLTExZTYtOGY4OC0zNDM2M2JjN2M0YzAiOnsiY3JlYXRlIjo2MDAwMDAwMDAwMDAsImRlbGV0ZSI6NjAwMDAwMDAwMDAwLCJ1cGRhdGUiOjYwMDAwMDAwMDAwMH19",
          "dependencies": [
            "google_compute_address.default",
            "google_compute_firewall.default",
            "google_compute_network.default",
            "google_compute_region_backend_service.default",
            "google_compute_region_health_check.default",
            "google_compute_region_target_http_proxy.default",
            "google_compute_region_url_map.default",
            "google_compute_subnetwork.default",
            "google_compute_subnetwork.proxy",
            "google_container_cluster.default",
            "null_resource.delete_ingressgateway",
            "null_resource.gloo",
            "null_resource.local_k8s_context",
            "time_sleep.wait_for_kube"
          ]
        }
      ]
    },
    {
      "mode": "managed",
      "type": "google_compute_network",
      "name": "default",
      "provider": "provider[\"registry.terraform.io/hashicorp/google-beta\"]",
      "instances": [
        {
          "schema_version": 0,
          "attributes": {
            "auto_create_subnetworks": false,
            "delete_default_routes_on_create": false,
            "description": "",
            "gateway_ipv4": "",
            "id": "projects/centryl-erp-123/global/networks/my-network",
            "mtu": 0,
            "name": "my-network",
            "project": "centryl-erp-123",
            "routing_mode": "REGIONAL",
            "self_link": "https://www.googleapis.com/compute/v1/projects/centryl-erp-123/global/networks/my-network",
            "timeouts": null
          },
          "sensitive_attributes": [],
          "identity_schema_version": 0,
          "private": "eyJlMmJmYjczMC1lY2FhLTExZTYtOGY4OC0zNDM2M2JjN2M0YzAiOnsiY3JlYXRlIjoyNDAwMDAwMDAwMDAsImRlbGV0ZSI6MjQwMDAwMDAwMDAwLCJ1cGRhdGUiOjI0MDAwMDAwMDAwMH19"
        }
      ]
    },
    {
      "mode": "managed",
      "type": "google_compute_region_backend_service",
      "name": "default",
      "provider": "provider[\"registry.terraform.io/hashicorp/google-beta\"]",
      "instances": [
        {
          "schema_version": 1,
          "attributes": {
            "affinity_cookie_ttl_sec": 0,
            "backend": [
              {
                "balancing_mode": "RATE",
                "capacity_scaler": 1,
                "description": "",
                "failover": false,
                "group": "https://www.googleapis.com/compute/v1/projects/centryl-erp-123/zones/europe-west1-b/networkEndpointGroups/ingressgateway",
                "max_connections": 0,
                "max_connections_per_endpoint": 0,
                "max_connections_per_instance": 0,
                "max_rate": 0,
                "max_rate_per_endpoint": 3500,
                "max_rate_per_instance": 0,
                "max_utilization": 0
              }
            ],
            "cdn_policy": [],
            "circuit_breakers": [
              {
                "connect_timeout": [],
                "max_connections": 1024,
                "max_pending_requests": 1024,
                "max_requests": 1024,
                "max_requests_per_connection": 0,
                "max_retries": 10
              }
            ],
            "connection_draining_timeout_sec": 0,
            "connection_tracking_policy": [],
            "consistent_hash": [],
            "creation_timestamp": "2026-01-21T01:51:42.282-08:00",
            "description": "",
            "enable_cdn": false,
            "failover_policy": [],
            "fingerprint": "SI3plDiEbcQ=",
            "health_checks": [
              "projects/centryl-erp-123/regions/europe-west1/healthChecks/l7-xlb-basic-check-http"
            ],
            "iap": [],
            "id": "projects/centryl-erp-123/regions/europe-west1/backendServices/l7-xlb-backend-service-http",
            "load_balancing_scheme": "EXTERNAL_MANAGED",
            "locality_lb_policy": "",
            "log_config": [],
            "name": "l7-xlb-backend-service-http",
            "network": "",
            "outlier_detection": [
              {
                "base_ejection_time": [
                  {
                    "nanos": 0,
                    "seconds": 30
                  }
                ],
                "consecutive_errors": 2,
                "consecutive_gateway_failure": 5,
                "enforcing_consecutive_errors": 100,
                "enforcing_consecutive_gateway_failure": 0,
                "enforcing_success_rate": 100,
                "interval": [
                  {
                    "nanos": 0,
                    "seconds": 1
                  }
                ],
                "max_ejection_percent": 50,
                "success_rate_minimum_hosts": 5,
                "success_rate_request_volume": 100,
                "success_rate_stdev_factor": 1900
              }
            ],
            "port_name": "http",
            "project": "centryl-erp-123",
            "protocol": "HTTP",
            "region": "europe-west1",
            "self_link": "https://www.googleapis.com/compute/v1/projects/centryl-erp-123/regions/europe-west1/backendServices/l7-xlb-backend-service-http",
            "session_affinity": "NONE",
            "timeout_sec": 10,
            "timeouts": null
          },
          "sensitive_attributes": [],
          "identity_schema_version": 0,
          "private": "eyJlMmJmYjczMC1lY2FhLTExZTYtOGY4OC0zNDM2M2JjN2M0YzAiOnsiY3JlYXRlIjoyNDAwMDAwMDAwMDAsImRlbGV0ZSI6MjQwMDAwMDAwMDAwLCJ1cGRhdGUiOjI0MDAwMDAwMDAwMH0sInNjaGVtYV92ZXJzaW9uIjoiMSJ9",
          "dependencies": [
            "google_compute_firewall.default",
            "google_compute_network.default",
            "google_compute_region_health_check.default",
            "google_compute_subnetwork.default",
            "google_container_cluster.default",
            "null_resource.delete_ingressgateway",
            "null_resource.gloo",
            "null_resource.local_k8s_context",
            "time_sleep.wait_for_kube"
          ]
        }
      ]
    },
    {
      "mode": "managed",
      "type": "google_compute_region_health_check",
      "name": "default",
      "provider": "provider[\"registry.terraform.io/hashicorp/google-beta\"]",
      "instances": [
        {
          "schema_version": 0,
          "attributes": {
            "check_interval_sec": 3,
            "creation_timestamp": "2026-01-21T01:43:09.862-08:00",
            "description": "",
            "grpc_health_check": [],
            "healthy_threshold": 1,
            "http2_health_check": [],
            "http_health_check": [
              {
                "host": "",
                "port": 0,
                "port_name": "",
                "port_specification": "USE_SERVING_PORT",
                "proxy_header": "NONE",
                "request_path": "/",
                "response": ""
              }
            ],
            "https_health_check": [],
            "id": "projects/centryl-erp-123/regions/europe-west1/healthChecks/l7-xlb-basic-check-http",
            "log_config": [
              {
                "enable": false
              }
            ],
            "name": "l7-xlb-basic-check-http",
            "project": "centryl-erp-123",
            "region": "europe-west1",
            "self_link": "https://www.googleapis.com/compute/v1/projects/centryl-erp-123/regions/europe-west1/healthChecks/l7-xlb-basic-check-http",
            "ssl_health_check": [],
            "tcp_health_check": [],
            "timeout_sec": 1,
            "timeouts": null,
            "type": "HTTP",
            "unhealthy_threshold": 1
          },
          "sensitive_attributes": [],
          "identity_schema_version": 0,
          "private": "eyJlMmJmYjczMC1lY2FhLTExZTYtOGY4OC0zNDM2M2JjN2M0YzAiOnsiY3JlYXRlIjoyNDAwMDAwMDAwMDAsImRlbGV0ZSI6MjQwMDAwMDAwMDAwLCJ1cGRhdGUiOjI0MDAwMDAwMDAwMH19",
          "dependencies": [
            "google_compute_firewall.default",
            "google_compute_network.default",
            "google_compute_subnetwork.default"
          ]
        }
      ]
    },
    {
      "mode": "managed",
      "type": "google_compute_region_ssl_certificate",
      "name": "default",
      "provider": "provider[\"registry.terraform.io/hashicorp/google-beta\"]",
      "instances": [
        {
          "schema_version": 0,
          "attributes": {
            "certificate": "-----BEGIN CERTIFICATE-----\nMIIClDCCAXwCCQCj/ZckbrmyoDANBgkqhkiG9w0BAQsFADAMMQowCAYDVQQDDAEq\nMB4XDTIyMDEyMzE4NTAyOVoXDTIzMDEyMzE4NTAyOVowDDEKMAgGA1UEAwwBKjCC\nASIwDQYJKoZIhvcNAQEBBQADggEPADCCAQoCggEBAL/R/zF9vca9olFKlZIhwn+H\nUHoqGG3DH/5gUkHlqu077gAJRPtKFL3PeqrT135IkEYZsAMYpL6VC8Qs0z2A3mlE\nLn7Yz59dUh+XmkGpTRIZpzgQg+GhG00Jw1hN9oaljYvsu35FfUU59bIsIUq+X0/t\nD/+sQG87CkRL9osXefHwC1KNwRpmWm2ycOk3XmL1p5L4DjiKW3OWe4VbUwcZEwjE\ngktvD+M1XhHedTmqS1nuGy0XJ3Gcm8UeVqK6fDHc2HWqmr8lx6juRM/j3RQMyBRI\nSyCgy2+4ITiZVfYIOsrb2V79GLMcSa9F1nWhkYosfucYzkg25NNzkvwHMKu3/P0C\nAwEAATANBgkqhkiG9w0BAQsFAAOCAQEABMcKtcHp+qsEJ39UNE3I+XyZC6VmJzqq\nrOh0IuSr4nljZWBV+mjscHcwAHvNgKirGbqLnWXDMrKr+R69E4vUk/DelSc0tCFQ\nY1UVq8LFqxssFVUtcpy8rJGTo1N2kQFoHSrLguR1LteuYawIC2QRJ4P/UzC0eObn\nkkRJqQshqR0i5AhzWMMx/apUOYQO9KHxswGv0vZmCkbwKlyH2OcLChOSWKZoZM72\nNWBM59T05+VYdo4lyNNpfMXohBl1S+M3tvoWEnElBjXtQHkElhJDivJGkUA33GKb\nb+WCU505IhimKKuk0PZyn4/wuOrrYyx8iaVFhmnEVKbixZ+vVGjghg==\n-----END CERTIFICATE-----\n",
            "certificate_id": 7008856236055404866,
            "creation_timestamp": "2026-01-21T01:43:09.803-08:00",
            "description": "SSL certificate for l7-xlb-proxy-https",
            "id": "projects/centryl-erp-123/regions/europe-west1/sslCertificates/my-ssl-cert",
            "name": "my-ssl-cert",
            "name_prefix": null,
            "private_key": "-----BEGIN PRIVATE KEY-----\nMIIEvQIBADANBgkqhkiG9w0BAQEFAASCBKcwggSjAgEAAoIBAQC/0f8xfb3GvaJR\nSpWSIcJ/h1B6Khhtwx/+YFJB5artO+4ACUT7ShS9z3qq09d+SJBGGbADGKS+lQvE\nLNM9gN5pRC5+2M+fXVIfl5pBqU0SGac4EIPhoRtNCcNYTfaGpY2L7Lt+RX1FOfWy\nLCFKvl9P7Q//rEBvOwpES/aLF3nx8AtSjcEaZlptsnDpN15i9aeS+A44iltzlnuF\nW1MHGRMIxIJLbw/jNV4R3nU5qktZ7hstFydxnJvFHlaiunwx3Nh1qpq/Jceo7kTP\n490UDMgUSEsgoMtvuCE4mVX2CDrK29le/RizHEmvRdZ1oZGKLH7nGM5INuTTc5L8\nBzCrt/z9AgMBAAECggEAPOrm/YOuWkhtHR3vpEn+Z9vEThfCTFF0fqd+WBklEFRB\nAFfxRVDAh4s1rLy8KgnHb8vGnyUbZL8WzoVhzJ15hLq3fWdDgJv1cb0GqyWmKUJm\nXaK5D1XHws5/8DJKQXagHjjfTnmpD+wZQC1NoVwWDt79frfoeqqoVwo80O1yt8dz\n1U18VgiBnAfd3qO+sLahaUVtE2KhRzjJeV/ppiak6gwbOUC4ZfpX0P4zpVARfBTZ\nuCNr+KI/Z7q02je4Tj5nyCyTIwIeS90HONGt12V1M0UE5Rp58418rvgmLIylNylS\nDUggLRYpbcdaH5r4l/n+avBCYYx1C4fwnyliFZdXYQKBgQDvYz2OBwJfZEmhgADm\nIVp9UcbOMbErklwAwc2ie99IWEFhTGK18xVKOD1EyZSR9XROM3wHY4sMRq3MaEuZ\nD83T7yhi2RW0cjUMzMwBNywQqMosQQ5FtMWELA8jqQCZr7jruF0Ms1D/oOGdEoPB\nCWvHso1OGnQvJUp98YtgzWx0eQKBgQDNIbb7mKm9A3ZwmKicF8UU+hNkyzWTleC3\nxRk4eG2AC2i0hKOocLmb1bfQOIqjYsyCJFWd1Yj7FROOm6U1vYWgVbKm5ih2U9JC\ns+Hj/f9+/aaigahBfU6XCnzfsqFL0fUFpzBVJQvxrnEdo44WIkgShXVVCF7c/cQr\ny3Iwuy+DpQKBgQCnR43oBXXe+tGJDU2TgpMdJ1vpEkhfzjKEROlRNYZdo25sc1g3\nFNo3tvz5aHNtWzweuVNeRm0P8wPX5rmNB8Io6uIp0NCd+4CepS2ZW9hq+8frDLrQ\ncvXi2nbp0FsfCfAKqBY9ncBoISAHBr0S02aBcX/UqB+wIjrfrz5aMrIq4QKBgGeC\nccE3Yb9c9fEPN1W8sNhK8GpWGCzm3kQdEwLp0edg2m7s12BxsVcvWteZEGwtuKCb\nERDZ5Ys9MWcupwkdH0aut718OkKrPVgnSP8w9jHwcJtj7bFON9ADnMuMadPGmGtH\n2B2+2e4UZkPceiA1IEUoTvKfjK7a5phqyq5IZkt5AoGAYxehVWpv78nB/W8FTWPx\nbwFL15CY33ZnjywD2RT6JgLF6FpuSCfG7GpkKgcxzcIz0x0haxDLUc/BePrUJrjj\nP2WHObx7+zQ7gN6YEA89qSb0c9oPCiaIZJSZ8jQ3HYzfgvyvXvMZ38Ie8RVpqf+M\nZdETWRbpansG0zRGd2H2P4I=\n-----END PRIVATE KEY-----\n",
            "project": "centryl-erp-123",
            "region": "europe-west1",
            "self_link": "https://www.googleapis.com/compute/v1/projects/centryl-erp-123/regions/europe-west1/sslCertificates/my-ssl-cert",
            "timeouts": null
          },
          "sensitive_attributes": [
            [
              {
                "type": "get_attr",
                "value": "certificate"
              }
            ],
            [
              {
                "type": "get_attr",
                "value": "private_key"
              }
            ]
          ],
          "identity_schema_version": 0,
          "private": "eyJlMmJmYjczMC1lY2FhLTExZTYtOGY4OC0zNDM2M2JjN2M0YzAiOnsiY3JlYXRlIjoyNDAwMDAwMDAwMDAsImRlbGV0ZSI6MjQwMDAwMDAwMDAwfX0=",
          "dependencies": [
            "google_compute_network.default",
            "google_compute_subnetwork.default"
          ]
        }
      ]
    },
    {
      "mode": "managed",
      "type": "google_compute_region_target_http_proxy",
      "name": "default",
      "provider": "provider[\"registry.terraform.io/hashicorp/google-beta\"]",
      "instances": [
        {
          "schema_version": 0,
          "attributes": {
            "creation_timestamp": "2026-01-21T01:52:44.975-08:00",
            "description": "",
            "id": "projects/centryl-erp-123/regions/europe-west1/targetHttpProxies/l7-xlb-proxy-http",
            "name": "l7-xlb-proxy-http",
            "project": "centryl-erp-123",
            "proxy_id": 8438011414162775811,
            "region": "europe-west1",
            "self_link": "https://www.googleapis.com/compute/v1/projects/centryl-erp-123/regions/europe-west1/targetHttpProxies/l7-xlb-proxy-http",
            "timeouts": null,
            "url_map": "https://www.googleapis.com/compute/v1/projects/centryl-erp-123/regions/europe-west1/urlMaps/regional-l7-xlb-map-http"
          },
          "sensitive_attributes": [],
          "identity_schema_version": 0,
          "private": "eyJlMmJmYjczMC1lY2FhLTExZTYtOGY4OC0zNDM2M2JjN2M0YzAiOnsiY3JlYXRlIjoyNDAwMDAwMDAwMDAsImRlbGV0ZSI6MjQwMDAwMDAwMDAwLCJ1cGRhdGUiOjI0MDAwMDAwMDAwMH19",
          "dependencies": [
            "google_compute_firewall.default",
            "google_compute_network.default",
            "google_compute_region_backend_service.default",
            "google_compute_region_health_check.default",
            "google_compute_region_url_map.default",
            "google_compute_subnetwork.default",
            "google_container_cluster.default",
            "null_resource.delete_ingressgateway",
            "null_resource.gloo",
            "null_resource.local_k8s_context",
            "time_sleep.wait_for_kube"
          ]
        }
      ]
    },
    {
      "mode": "managed",
      "type": "google_compute_region_target_http_proxy",
      "name": "redirect",
      "provider": "provider[\"registry.terraform.io/hashicorp/google-beta\"]",
      "instances": [
        {
          "schema_version": 0,
          "attributes": {
            "creation_timestamp": "2026-01-21T01:43:20.501-08:00",
            "description": "",
            "id": "projects/centryl-erp-123/regions/europe-west1/targetHttpProxies/l7-xlb-proxy-http-redirect",
            "name": "l7-xlb-proxy-http-redirect",
            "project": "centryl-erp-123",
            "proxy_id": 492981219812516183,
            "region": "europe-west1",
            "self_link": "https://www.googleapis.com/compute/v1/projects/centryl-erp-123/regions/europe-west1/targetHttpProxies/l7-xlb-proxy-http-redirect",
            "timeouts": null,
            "url_map": "https://www.googleapis.com/compute/v1/projects/centryl-erp-123/regions/europe-west1/urlMaps/regional-l7-xlb-map-http-redirect"
          },
          "sensitive_attributes": [],
          "identity_schema_version": 0,
          "private": "eyJlMmJmYjczMC1lY2FhLTExZTYtOGY4OC0zNDM2M2JjN2M0YzAiOnsiY3JlYXRlIjoyNDAwMDAwMDAwMDAsImRlbGV0ZSI6MjQwMDAwMDAwMDAwLCJ1cGRhdGUiOjI0MDAwMDAwMDAwMH19",
          "dependencies": [
            "google_compute_network.default",
            "google_compute_region_url_map.redirect",
            "google_compute_subnetwork.default"
          ]
        }
      ]
    },
    {
      "mode": "managed",
      "type": "google_compute_region_target_https_proxy",
      "name": "default",
      "provider": "provider[\"registry.terraform.io/hashicorp/google-beta\"]",
      "instances": [
        {
          "schema_version": 0,
          "attributes": {
            "creation_timestamp": "2026-01-21T01:52:45.050-08:00",
            "description": "",
            "id": "projects/centryl-erp-123/regions/europe-west1/targetHttpsProxies/l7-xlb-proxy-https",
            "name": "l7-xlb-proxy-https",
            "project": "centryl-erp-123",
            "proxy_id": 7060383353842507522,
            "region": "europe-west1",
            "self_link": "https://www.googleapis.com/compute/v1/projects/centryl-erp-123/regions/europe-west1/targetHttpsProxies/l7-xlb-proxy-https",
            "ssl_certificates": [
              "https://www.googleapis.com/compute/v1/projects/centryl-erp-123/regions/europe-west1/sslCertificates/my-ssl-cert"
            ],
            "timeouts": null,
            "url_map": "https://www.googleapis.com/compute/v1/projects/centryl-erp-123/regions/europe-west1/urlMaps/regional-l7-xlb-map-http"
          },
          "sensitive_attributes": [],
          "identity_schema_version": 0,
          "private": "eyJlMmJmYjczMC1lY2FhLTExZTYtOGY4OC0zNDM2M2JjN2M0YzAiOnsiY3JlYXRlIjoyNDAwMDAwMDAwMDAsImRlbGV0ZSI6MjQwMDAwMDAwMDAwLCJ1cGRhdGUiOjI0MDAwMDAwMDAwMH19",
          "dependencies": [
            "google_compute_firewall.default",
            "google_compute_network.default",
            "google_compute_region_backend_service.default",
            "google_compute_region_health_check.default",
            "google_compute_region_ssl_certificate.default",
            "google_compute_region_url_map.default",
            "google_compute_subnetwork.default",
            "google_container_cluster.default",
            "null_resource.delete_ingressgateway",
            "null_resource.gloo",
            "null_resource.local_k8s_context",
            "time_sleep.wait_for_kube"
          ]
        }
      ]
    },
    {
      "mode": "managed",
      "type": "google_compute_region_url_map",
      "name": "default",
      "provider": "provider[\"registry.terraform.io/hashicorp/google-beta\"]",
      "instances": [
        {
          "schema_version": 0,
          "attributes": {
            "creation_timestamp": "2026-01-21T01:52:34.051-08:00",
            "default_service": "https://www.googleapis.com/compute/v1/projects/centryl-erp-123/regions/europe-west1/backendServices/l7-xlb-backend-service-http",
            "default_url_redirect": [],
            "description": "",
            "fingerprint": "ruJj3rX-Iiw=",
            "host_rule": [],
            "id": "projects/centryl-erp-123/regions/europe-west1/urlMaps/regional-l7-xlb-map-http",
            "map_id": 2914682981880504077,
            "name": "regional-l7-xlb-map-http",
            "path_matcher": [
              {
                "default_service": "https://www.googleapis.com/compute/v1/projects/centryl-erp-123/regions/europe-west1/backendServices/l7-xlb-backend-service-http",
                "default_url_redirect": [],
                "description": "",
                "name": "allpaths",
                "path_rule": [
                  {
                    "paths": [
                      "/"
                    ],
                    "route_action": [
                      {
                        "cors_policy": [],
                        "fault_injection_policy": [],
                        "request_mirror_policy": [],
                        "retry_policy": [
                          {
                            "num_retries": 5,
                            "per_try_timeout": [
                              {
                                "nanos": 0,
                                "seconds": "1"
                              }
                            ],
                            "retry_conditions": [
                              "5xx",
                              "deadline-exceeded",
                              "connect-failure"
                            ]
                          }
                        ],
                        "timeout": [],
                        "url_rewrite": [],
                        "weighted_backend_services": []
                      }
                    ],
                    "service": "https://www.googleapis.com/compute/v1/projects/centryl-erp-123/regions/europe-west1/backendServices/l7-xlb-backend-service-http",
                    "url_redirect": []
                  }
                ],
                "route_rules": []
              }
            ],
            "project": "centryl-erp-123",
            "region": "europe-west1",
            "self_link": "https://www.googleapis.com/compute/v1/projects/centryl-erp-123/regions/europe-west1/urlMaps/regional-l7-xlb-map-http",
            "test": [],
            "timeouts": null
          },
          "sensitive_attributes": [],
          "identity_schema_version": 0,
          "private": "eyJlMmJmYjczMC1lY2FhLTExZTYtOGY4OC0zNDM2M2JjN2M0YzAiOnsiY3JlYXRlIjoyNDAwMDAwMDAwMDAsImRlbGV0ZSI6MjQwMDAwMDAwMDAwLCJ1cGRhdGUiOjI0MDAwMDAwMDAwMH19",
          "dependencies": [
            "google_compute_firewall.default",
            "google_compute_network.default",
            "google_compute_region_backend_service.default",
            "google_compute_region_health_check.default",
            "google_compute_subnetwork.default",
            "google_container_cluster.default",
            "null_resource.delete_ingressgateway",
            "null_resource.gloo",
            "null_resource.local_k8s_context",
            "time_sleep.wait_for_kube"
          ]
        }
      ]
    },
    {
      "mode": "managed",
      "type": "google_compute_region_url_map",
      "name": "redirect",
      "provider": "provider[\"registry.terraform.io/hashicorp/google-beta\"]",
      "instances": [
        {
          "schema_version": 0,
          "attributes": {
            "creation_timestamp": "2026-01-21T01:43:09.791-08:00",
            "default_service": "",
            "default_url_redirect": [
              {
                "host_redirect": "",
                "https_redirect": true,
                "path_redirect": "",
                "prefix_redirect": "",
                "redirect_response_code": "",
                "strip_query": false
              }
            ],
            "description": "",
            "fingerprint": "NNUY1wvERyA=",
            "host_rule": [],
            "id": "projects/centryl-erp-123/regions/europe-west1/urlMaps/regional-l7-xlb-map-http-redirect",
            "map_id": 2950355395398148418,
            "name": "regional-l7-xlb-map-http-redirect",
            "path_matcher": [],
            "project": "centryl-erp-123",
            "region": "europe-west1",
            "self_link": "https://www.googleapis.com/compute/v1/projects/centryl-erp-123/regions/europe-west1/urlMaps/regional-l7-xlb-map-http-redirect",
            "test": [],
            "timeouts": null
          },
          "sensitive_attributes": [],
          "identity_schema_version": 0,
          "private": "eyJlMmJmYjczMC1lY2FhLTExZTYtOGY4OC0zNDM2M2JjN2M0YzAiOnsiY3JlYXRlIjoyNDAwMDAwMDAwMDAsImRlbGV0ZSI6MjQwMDAwMDAwMDAwLCJ1cGRhdGUiOjI0MDAwMDAwMDAwMH19",
          "dependencies": [
            "google_compute_network.default",
            "google_compute_subnetwork.default"
          ]
        }
      ]
    },
    {
      "mode": "managed",
      "type": "google_compute_router",
      "name": "router",
      "provider": "provider[\"registry.terraform.io/hashicorp/google-beta\"]",
      "instances": [
        {
          "schema_version": 0,
          "attributes": {
            "bgp": [],
            "creation_timestamp": "2026-01-21T01:43:09.968-08:00",
            "description": "",
            "encrypted_interconnect_router": false,
            "id": "projects/centryl-erp-123/regions/europe-west1/routers/nat-router",
            "name": "nat-router",
            "network": "https://www.googleapis.com/compute/v1/projects/centryl-erp-123/global/networks/my-network",
            "project": "centryl-erp-123",
            "region": "europe-west1",
            "self_link": "https://www.googleapis.com/compute/v1/projects/centryl-erp-123/regions/europe-west1/routers/nat-router",
            "timeouts": null
          },
          "sensitive_attributes": [],
          "identity_schema_version": 0,
          "private": "eyJlMmJmYjczMC1lY2FhLTExZTYtOGY4OC0zNDM2M2JjN2M0YzAiOnsiY3JlYXRlIjoyNDAwMDAwMDAwMDAsImRlbGV0ZSI6MjQwMDAwMDAwMDAwLCJ1cGRhdGUiOjI0MDAwMDAwMDAwMH19",
          "dependencies": [
            "google_compute_network.default",
            "google_compute_subnetwork.default"
          ]
        }
      ]
    },
    {
      "mode": "managed",
      "type": "google_compute_router_nat",
      "name": "nat",
      "provider": "provider[\"registry.terraform.io/hashicorp/google-beta\"]",
      "instances": [
        {
          "schema_version": 0,
          "attributes": {
            "drain_nat_ips": [],
            "enable_endpoint_independent_mapping": true,
            "icmp_idle_timeout_sec": 30,
            "id": "centryl-erp-123/europe-west1/nat-router/router-nat",
            "log_config": [],
            "min_ports_per_vm": 0,
            "name": "router-nat",
            "nat_ip_allocate_option": "AUTO_ONLY",
            "nat_ips": [],
            "project": "centryl-erp-123",
            "region": "europe-west1",
            "router": "nat-router",
            "source_subnetwork_ip_ranges_to_nat": "ALL_SUBNETWORKS_ALL_IP_RANGES",
            "subnetwork": [],
            "tcp_established_idle_timeout_sec": 1200,
            "tcp_transitory_idle_timeout_sec": 30,
            "timeouts": null,
            "udp_idle_timeout_sec": 30
          },
          "sensitive_attributes": [],
          "identity_schema_version": 0,
          "private": "eyJlMmJmYjczMC1lY2FhLTExZTYtOGY4OC0zNDM2M2JjN2M0YzAiOnsiY3JlYXRlIjo2MDAwMDAwMDAwMDAsImRlbGV0ZSI6NjAwMDAwMDAwMDAwLCJ1cGRhdGUiOjYwMDAwMDAwMDAwMH19",
          "dependencies": [
            "google_compute_network.default",
            "google_compute_router.router",
            "google_compute_subnetwork.default"
          ]
        }
      ]
    },
    {
      "mode": "managed",
      "type": "google_compute_subnetwork",
      "name": "default",
      "provider": "provider[\"registry.terraform.io/hashicorp/google-beta\"]",
      "instances": [
        {
          "schema_version": 0,
          "attributes": {
            "creation_timestamp": "2026-01-21T01:42:38.741-08:00",
            "description": "",
            "external_ipv6_prefix": "",
            "fingerprint": null,
            "gateway_address": "10.0.0.1",
            "id": "projects/centryl-erp-123/regions/europe-west1/subnetworks/my-cluster-subnet",
            "ip_cidr_range": "10.0.0.0/24",
            "ipv6_access_type": "",
            "ipv6_cidr_range": "",
            "log_config": [],
            "name": "my-cluster-subnet",
            "network": "https://www.googleapis.com/compute/v1/projects/centryl-erp-123/global/networks/my-network",
            "private_ip_google_access": false,
            "private_ipv6_google_access": "DISABLE_GOOGLE_ACCESS",
            "project": "centryl-erp-123",
            "purpose": "PRIVATE",
            "region": "europe-west1",
            "role": "",
            "secondary_ip_range": [],
            "self_link": "https://www.googleapis.com/compute/v1/projects/centryl-erp-123/regions/europe-west1/subnetworks/my-cluster-subnet",
            "stack_type": "IPV4_ONLY",
            "timeouts": null
          },
          "sensitive_attributes": [],
          "identity_schema_version": 0,
          "private": "eyJlMmJmYjczMC1lY2FhLTExZTYtOGY4OC0zNDM2M2JjN2M0YzAiOnsiY3JlYXRlIjozNjAwMDAwMDAwMDAsImRlbGV0ZSI6MzYwMDAwMDAwMDAwLCJ1cGRhdGUiOjM2MDAwMDAwMDAwMH19",
          "dependencies": [
            "google_compute_network.default"
          ]
        }
      ]
    },
    {
      "mode": "managed",
      "type": "google_compute_subnetwork",
      "name": "proxy",
      "provider": "provider[\"registry.terraform.io/hashicorp/google-beta\"]",
      "instances": [
        {
          "schema_version": 0,
          "attributes": {
            "creation_timestamp": "2026-01-21T01:42:38.807-08:00",
            "description": "",
            "external_ipv6_prefix": "",
            "fingerprint": null,
            "gateway_address": "11.129.0.1",
            "id": "projects/centryl-erp-123/regions/europe-west1/subnetworks/proxy-only-subnet",
            "ip_cidr_range": "11.129.0.0/23",
            "ipv6_access_type": "",
            "ipv6_cidr_range": "",
            "log_config": [],
            "name": "proxy-only-subnet",
            "network": "https://www.googleapis.com/compute/v1/projects/centryl-erp-123/global/networks/my-network",
            "private_ip_google_access": false,
            "private_ipv6_google_access": "DISABLE_GOOGLE_ACCESS",
            "project": "centryl-erp-123",
            "purpose": "REGIONAL_MANAGED_PROXY",
            "region": "europe-west1",
            "role": "ACTIVE",
            "secondary_ip_range": [],
            "self_link": "https://www.googleapis.com/compute/v1/projects/centryl-erp-123/regions/europe-west1/subnetworks/proxy-only-subnet",
            "stack_type": "",
            "timeouts": null
          },
          "sensitive_attributes": [],
          "identity_schema_version": 0,
          "private": "eyJlMmJmYjczMC1lY2FhLTExZTYtOGY4OC0zNDM2M2JjN2M0YzAiOnsiY3JlYXRlIjozNjAwMDAwMDAwMDAsImRlbGV0ZSI6MzYwMDAwMDAwMDAwLCJ1cGRhdGUiOjM2MDAwMDAwMDAwMH19",
          "dependencies": [
            "google_compute_network.default"
          ]
        }
      ]
    },
    {
      "mode": "managed",
      "type": "google_container_cluster",
      "name": "default",
      "provider": "provider[\"registry.terraform.io/hashicorp/google-beta\"]",
      "instances": [
        {
          "schema_version": 1,
          "attributes": {
            "addons_config": [
              {
                "cloudrun_config": [],
                "config_connector_config": [],
                "dns_cache_config": [],
                "gce_persistent_disk_csi_driver_config": [
                  {
                    "enabled": true
                  }
                ],
                "horizontal_pod_autoscaling": [],
                "http_load_balancing": [
                  {
                    "disabled": false
                  }
                ],
                "istio_config": [],
                "kalm_config": [],
                "network_policy_config": [
                  {
                    "disabled": true
                  }
                ]
              }
            ],
            "authenticator_groups_config": [],
            "cluster_autoscaling": [
              {
                "auto_provisioning_defaults": [],
                "autoscaling_profile": "BALANCED",
                "enabled": false,
                "resource_limits": []
              }
            ],
            "cluster_ipv4_cidr": "5.0.0.0/16",
            "cluster_telemetry": [],
            "confidential_nodes": [],
            "database_encryption": [
              {
                "key_name": "",
                "state": "DECRYPTED"
              }
            ],
            "datapath_provider": "",
            "default_max_pods_per_node": 110,
            "default_snat_status": [
              {
                "disabled": true
              }
            ],
            "description": "",
            "dns_config": [],
            "enable_autopilot": false,
            "enable_binary_authorization": false,
            "enable_intranode_visibility": false,
            "enable_kubernetes_alpha": false,
            "enable_l4_ilb_subsetting": false,
            "enable_legacy_abac": false,
            "enable_shielded_nodes": true,
            "enable_tpu": false,
            "endpoint": "34.79.120.134",
            "id": "projects/centryl-erp-123/locations/europe-west1-b/clusters/my-cluster",
            "initial_node_count": 3,
            "ip_allocation_policy": [
              {
                "cluster_ipv4_cidr_block": "5.0.0.0/16",
                "cluster_secondary_range_name": "gke-my-cluster-pods-b911b3ee",
                "services_ipv4_cidr_block": "5.1.0.0/16",
                "services_secondary_range_name": "gke-my-cluster-services-b911b3ee"
              }
            ],
            "label_fingerprint": "a9dc16a7",
            "location": "europe-west1-b",
            "logging_config": [
              {
                "enable_components": []
              }
            ],
            "logging_service": "none",
            "maintenance_policy": [],
            "master_auth": [
              {
                "client_certificate": "",
                "client_certificate_config": [
                  {
                    "issue_client_certificate": false
                  }
                ],
                "client_key": "",
                "cluster_ca_certificate": "LS0tLS1CRUdJTiBDRVJUSUZJQ0FURS0tLS0tCk1JSUVMVENDQXBXZ0F3SUJBZ0lSQUpDVmhZYlZaS0F4TnlrZTRReWE4YVl3RFFZSktvWklodmNOQVFFTEJRQXcKTHpFdE1Dc0dBMVVFQXhNa1lURmxaV1UyT1RVdE5tSXpNQzAwWkRNekxUazVaVEF0TURZeVpXRTBaalJpTmpVeQpNQ0FYRFRJMk1ERXlNVEE0TkRRd01sb1lEekl3TlRZd01URTBNRGswTkRBeVdqQXZNUzB3S3dZRFZRUURFeVJoCk1XVmxaVFk1TlMwMllqTXdMVFJrTXpNdE9UbGxNQzB3TmpKbFlUUm1OR0kyTlRJd2dnR2lNQTBHQ1NxR1NJYjMKRFFFQkFRVUFBNElCandBd2dnR0tBb0lCZ1FEdEcyenhBYU5IZkcyV3U2RitpOVNJM3N0SkIvNWUvOUgxOGxqdQo1QytGTVYrRG9GbHhqMFFkK1pCOFAwLzRIK00vcVd2QWhRMEd3UWVOWXd5dzB0MzhVN3hKL1E5SHRxM25YV0lPCkhOcXd0L3Q1cjlJR1FZdnc1N04xR2sxRnViR0VjWEU0RjRkWXBpajRGNGlmRHRXNjRrcVFKVlNpMm1aUk9aS2wKdkVocWRDVHFOb05hZmRzTkNEWlU2T0tIeitMVlZTd0twc2hGOWNtcHFTeXFpMUUzcm40ak00U0pTNkpVL0VwQQpYQXFzVjdSWmxWOGVnakFSL0FIRDdyZWdpWUxvRFY3em9ITGVuNFlkMllHTGh0UHBaaVQyOFRXK2pLQ0xPN3NjCjh6R0pKbHpxNTYrMDRCaWdwbFYwUUtFOUlKNlBFZjM1c3M3RVVHNzFQZjRiZUpDeWNNZjlCSEtTYWZ3N0xzalMKRmpoby82QmZidzN2R3ZYNWhZbXJrbE1xdktZemxpTXZVZ2dkM2x2SDJmcFZNUTFUeFZvUW8zeWJRNDJUZU0xQQpHRkc5UERsZ2ZNdzRDTm9WUFc0VmRHb3B2THQ0ZFhnNDU0VWh4b3o2aGpTWENUazM2YlRhbUVrR1g1SWw2aHZoCnVtMnZJUDd3bnJMYnRRQklJMjlOQk1xWXlLc0NBd0VBQWFOQ01FQXdEZ1lEVlIwUEFRSC9CQVFEQWdJRU1BOEcKQTFVZEV3RUIvd1FGTUFNQkFmOHdIUVlEVlIwT0JCWUVGQi9ZNy9lV050UW05dHdUYzM3TE95UG1iNWhGTUEwRwpDU3FHU0liM0RRRUJDd1VBQTRJQmdRQ05KRStHZUg5dCtVMythVEhVeXpSNEM3UmFmZnpaSXplYmx5NS9ZaHBNCmFnUjhTYjVpbWVGSjN6ak94NGF1Zmw3WUc4MUI5YlZDSTA4c0Z4OTVRNy9nNTJac1dvczZLQXdhSHhDbmxYbW0KaTB1ZWRtRjRERVpQNWZDbHNGNDVoL240WHljeHh1WVdQcEFuOXJ3RzF1K216UUxHWC83NzRDY3FKcTZRT2VsdQpXaG9GWEU1QzFqM3JyaE4zMFBVYW9SQ1EwRE05SHRLdkZvb21oTVdUTVZMY2dsczlVRzY4dm1XWjM3QlZIT3duCnJCZWh4c1dkaXlrUGNqTXFtS05jbGV1clpqbmVyUE5IVGZRaTlMa2M5UzRlbWIxQjdlMTBtZG1RS2VxSnFyN0YKSG5QN2txMzVRbWhrTDBPZTVXRE1wQzJQOEV5ZFZnOG9YMkE5blhGbmh1eG1waWdzU2x4aHEveWZpM2R2S3F0cwpjSk1wWW5GKy9JLzJ2bExYOGRWY1R6ekd2aVRpZlBnSjZTWlg2THBiMlMzS1A4RVRENmN5Q0twMXcyV2hpdm9yCkNqeUFXOFlXR1J4V3BCSkdONU15eUtkQlJRb3lBeEMzRWljUFVKaWdhd04wR0N2ZTcybzRDQWFDMW5GUjk0Ry8KSC9Pbk95cEtNNnZicWNTaGNXU200Mm89Ci0tLS0tRU5EIENFUlRJRklDQVRFLS0tLS0K"
              }
            ],
            "master_authorized_networks_config": [
              {
                "cidr_blocks": [
                  {
                    "cidr_block": "0.0.0.0/0",
                    "display_name": "World"
                  }
                ]
              }
            ],
            "master_version": "1.33.5-gke.2072000",
            "min_master_version": null,
            "monitoring_config": [
              {
                "enable_components": [
                  "SYSTEM_COMPONENTS",
                  "JOBSET",
                  "STORAGE",
                  "HPA",
                  "POD",
                  "DAEMONSET",
                  "DEPLOYMENT",
                  "STATEFULSET",
                  "CADVISOR",
                  "KUBELET",
                  "DCGM"
                ]
              }
            ],
            "monitoring_service": "monitoring.googleapis.com/kubernetes",
            "name": "my-cluster",
            "network": "projects/centryl-erp-123/global/networks/my-network",
            "network_policy": [
              {
                "enabled": false,
                "provider": "PROVIDER_UNSPECIFIED"
              }
            ],
            "networking_mode": "VPC_NATIVE",
            "node_config": [
              {
                "boot_disk_kms_key": "",
                "disk_size_gb": 20,
                "disk_type": "pd-balanced",
                "ephemeral_storage_config": [],
                "gcfs_config": [],
                "guest_accelerator": [],
                "image_type": "COS_CONTAINERD",
                "kubelet_config": [
                  {
                    "cpu_cfs_quota": false,
                    "cpu_cfs_quota_period": "",
                    "cpu_manager_policy": ""
                  }
                ],
                "labels": {},
                "linux_node_config": [],
                "local_ssd_count": 0,
                "machine_type": "e2-standard-2",
                "metadata": {
                  "disable-legacy-endpoints": "true"
                },
                "min_cpu_platform": "",
                "node_group": "",
                "oauth_scopes": [
                  "https://www.googleapis.com/auth/cloud-platform",
                  "https://www.googleapis.com/auth/devstorage.read_only",
                  "https://www.googleapis.com/auth/monitoring",
                  "https://www.googleapis.com/auth/service.management.readonly",
                  "https://www.googleapis.com/auth/servicecontrol",
                  "https://www.googleapis.com/auth/trace.append"
                ],
                "preemptible": false,
                "sandbox_config": [],
                "service_account": "default",
                "shielded_instance_config": [
                  {
                    "enable_integrity_monitoring": true,
                    "enable_secure_boot": false
                  }
                ],
                "spot": true,
                "tags": [
                  "my-cluster"
                ],
                "taint": [],
                "workload_metadata_config": []
              }
            ],
            "node_locations": [],
            "node_pool": [
              {
                "autoscaling": [],
                "initial_node_count": 3,
                "instance_group_urls": [
                  "https://www.googleapis.com/compute/v1/projects/centryl-erp-123/zones/europe-west1-b/instanceGroupManagers/gke-my-cluster-default-pool-2dbd98e3-grp"
                ],
                "managed_instance_group_urls": [
                  "https://www.googleapis.com/compute/beta/projects/centryl-erp-123/zones/europe-west1-b/instanceGroups/gke-my-cluster-default-pool-2dbd98e3-grp"
                ],
                "management": [
                  {
                    "auto_repair": true,
                    "auto_upgrade": true
                  }
                ],
                "max_pods_per_node": 110,
                "name": "default-pool",
                "name_prefix": "",
                "network_config": [
                  {
                    "create_pod_range": false,
                    "pod_ipv4_cidr_block": "5.0.0.0/16",
                    "pod_range": "gke-my-cluster-pods-b911b3ee"
                  }
                ],
                "node_config": [
                  {
                    "boot_disk_kms_key": "",
                    "disk_size_gb": 20,
                    "disk_type": "pd-balanced",
                    "ephemeral_storage_config": [],
                    "gcfs_config": [],
                    "guest_accelerator": [],
                    "image_type": "COS_CONTAINERD",
                    "kubelet_config": [
                      {
                        "cpu_cfs_quota": false,
                        "cpu_cfs_quota_period": "",
                        "cpu_manager_policy": ""
                      }
                    ],
                    "labels": {},
                    "linux_node_config": [],
                    "local_ssd_count": 0,
                    "machine_type": "e2-standard-2",
                    "metadata": {
                      "disable-legacy-endpoints": "true"
                    },
                    "min_cpu_platform": "",
                    "node_group": "",
                    "oauth_scopes": [
                      "https://www.googleapis.com/auth/cloud-platform",
                      "https://www.googleapis.com/auth/devstorage.read_only",
                      "https://www.googleapis.com/auth/monitoring",
                      "https://www.googleapis.com/auth/service.management.readonly",
                      "https://www.googleapis.com/auth/servicecontrol",
                      "https://www.googleapis.com/auth/trace.append"
                    ],
                    "preemptible": false,
                    "sandbox_config": [],
                    "service_account": "default",
                    "shielded_instance_config": [
                      {
                        "enable_integrity_monitoring": true,
                        "enable_secure_boot": false
                      }
                    ],
                    "spot": true,
                    "tags": [
                      "my-cluster"
                    ],
                    "taint": [],
                    "workload_metadata_config": []
                  }
                ],
                "node_count": 3,
                "node_locations": [
                  "europe-west1-b"
                ],
                "upgrade_settings": [
                  {
                    "max_surge": 1,
                    "max_unavailable": 0
                  }
                ],
                "version": "1.33.5-gke.2072000"
              }
            ],
            "node_version": "1.33.5-gke.2072000",
            "notification_config": [
              {
                "pubsub": [
                  {
                    "enabled": false,
                    "topic": ""
                  }
                ]
              }
            ],
            "operation": null,
            "pod_security_policy_config": [
              {
                "enabled": false
              }
            ],
            "private_cluster_config": [
              {
                "enable_private_endpoint": false,
                "enable_private_nodes": true,
                "master_global_access_config": [
                  {
                    "enabled": false
                  }
                ],
                "master_ipv4_cidr_block": "172.16.0.16/28",
                "peering_name": "",
                "private_endpoint": "172.16.0.18",
                "public_endpoint": "34.79.120.134"
              }
            ],
            "private_ipv6_google_access": "",
            "project": "centryl-erp-123",
            "release_channel": [
              {
                "channel": "REGULAR"
              }
            ],
            "remove_default_node_pool": null,
            "resource_labels": null,
            "resource_usage_export_config": [],
            "self_link": "https://container.googleapis.com/v1beta1/projects/centryl-erp-123/zones/europe-west1-b/clusters/my-cluster",
            "services_ipv4_cidr": "5.1.0.0/16",
            "subnetwork": "projects/centryl-erp-123/regions/europe-west1/subnetworks/my-cluster-subnet",
            "timeouts": null,
            "tpu_ipv4_cidr_block": "",
            "vertical_pod_autoscaling": [],
            "workload_identity_config": []
          },
          "sensitive_attributes": [
            [
              {
                "type": "get_attr",
                "value": "master_auth"
              },
              {
                "type": "index",
                "value": {
                  "value": 0,
                  "type": "number"
                }
              },
              {
                "type": "get_attr",
                "value": "client_key"
              }
            ]
          ],
          "identity_schema_version": 0,
          "private": "eyJlMmJmYjczMC1lY2FhLTExZTYtOGY4OC0zNDM2M2JjN2M0YzAiOnsiY3JlYXRlIjoyNDAwMDAwMDAwMDAwLCJkZWxldGUiOjI0MDAwMDAwMDAwMDAsInJlYWQiOjI0MDAwMDAwMDAwMDAsInVwZGF0ZSI6MzYwMDAwMDAwMDAwMH0sInNjaGVtYV92ZXJzaW9uIjoiMSJ9",
          "dependencies": [
            "google_compute_network.default",
            "google_compute_subnetwork.default"
          ]
        }
      ]
    },
    {
      "mode": "managed",
      "type": "null_resource",
      "name": "delete_ingressgateway",
      "provider": "provider[\"registry.terraform.io/hashicorp/null\"]",
      "instances": [
        {
          "schema_version": 0,
          "attributes": {
            "id": "1165065335589021815",
            "triggers": null
          },
          "sensitive_attributes": [],
          "identity_schema_version": 0
        }
      ]
    },
    {
      "mode": "managed",
      "type": "null_resource",
      "name": "gloo",
      "provider": "provider[\"registry.terraform.io/hashicorp/null\"]",
      "instances": [
        {
          "schema_version": 0,
          "attributes": {
            "id": "2299528103978792379",
            "triggers": null
          },
          "sensitive_attributes": [],
          "identity_schema_version": 0,
          "dependencies": [
            "google_compute_network.default",
            "google_compute_subnetwork.default",
            "google_container_cluster.default",
            "null_resource.local_k8s_context",
            "time_sleep.wait_for_kube"
          ]
        }
      ]
    },
    {
      "mode": "managed",
      "type": "null_resource",
      "name": "local_k8s_context",
      "provider": "provider[\"registry.terraform.io/hashicorp/null\"]",
      "instances": [
        {
          "schema_version": 0,
          "attributes": {
            "id": "2390019972640029808",
            "triggers": null
          },
          "sensitive_attributes": [],
          "identity_schema_version": 0,
          "dependencies": [
            "google_compute_network.default",
            "google_compute_subnetwork.default",
            "google_container_cluster.default",
            "time_sleep.wait_for_kube"
          ]
        }
      ]
    },
    {
      "mode": "managed",
      "type": "time_sleep",
      "name": "wait_for_kube",
      "provider": "provider[\"registry.terraform.io/hashicorp/time\"]",
      "instances": [
        {
          "schema_version": 0,
          "attributes": {
            "create_duration": "30s",
            "destroy_duration": null,
            "id": "2026-01-21T09:50:30Z",
            "triggers": null
          },
          "sensitive_attributes": [],
          "identity_schema_version": 0,
          "dependencies": [
            "google_compute_network.default",
            "google_compute_subnetwork.default",
            "google_container_cluster.default"
          ]
        }
      ]
    }
  ],
  "check_results": null
}
