{
  "version": 4,
  "terraform_version": "1.14.3",
  "serial": 14,
  "lineage": "f00b50c2-ec90-7478-9128-68fb6c4ebfab",
  "outputs": {},
  "resources": [
    {
      "mode": "managed",
      "type": "google_compute_address",
      "name": "default",
      "provider": "provider[\"registry.terraform.io/hashicorp/google-beta\"]",
      "instances": [
        {
          "schema_version": 0,
          "attributes": {
            "address": "35.210.209.64",
            "address_type": "EXTERNAL",
            "creation_timestamp": "2026-01-21T01:43:09.843-08:00",
            "description": "",
            "id": "projects/centryl-erp-123/regions/europe-west1/addresses/my-static-ip",
            "label_fingerprint": "42WmSpB8rSM=",
            "labels": null,
            "name": "my-static-ip",
            "network": "",
            "network_tier": "STANDARD",
            "prefix_length": 0,
            "project": "centryl-erp-123",
            "purpose": "",
            "region": "europe-west1",
            "self_link": "https://www.googleapis.com/compute/v1/projects/centryl-erp-123/regions/europe-west1/addresses/my-static-ip",
            "subnetwork": "",
            "timeouts": null,
            "users": []
          },
          "sensitive_attributes": [],
          "identity_schema_version": 0,
          "private": "eyJlMmJmYjczMC1lY2FhLTExZTYtOGY4OC0zNDM2M2JjN2M0YzAiOnsiY3JlYXRlIjoyNDAwMDAwMDAwMDAsImRlbGV0ZSI6MjQwMDAwMDAwMDAwLCJ1cGRhdGUiOjI0MDAwMDAwMDAwMH19",
          "dependencies": [
            "google_compute_network.default",
            "google_compute_subnetwork.default"
          ]
        }
      ]
    },
    {
      "mode": "managed",
      "type": "google_compute_firewall",
      "name": "default",
      "provider": "provider[\"registry.terraform.io/hashicorp/google-beta\"]",
      "instances": [
        {
          "schema_version": 1,
          "attributes": {
            "allow": [
              {
                "ports": [],
                "protocol": "tcp"
              }
            ],
            "creation_timestamp": "2026-01-21T01:42:38.347-08:00",
            "deny": [],
            "description": "",
            "destination_ranges": [],
            "direction": "INGRESS",
            "disabled": false,
            "enable_logging": null,
            "id": "projects/centryl-erp-123/global/firewalls/fw-allow-health-check-and-proxy",
            "log_config": [],
            "name": "fw-allow-health-check-and-proxy",
            "network": "https://www.googleapis.com/compute/v1/projects/centryl-erp-123/global/networks/my-network",
            "priority": 1000,
            "project": "centryl-erp-123",
            "self_link": "https://www.googleapis.com/compute/v1/projects/centryl-erp-123/global/firewalls/fw-allow-health-check-and-proxy",
            "source_ranges": [
              "11.129.0.0/23",
              "130.211.0.0/22",
              "35.191.0.0/16"
            ],
            "source_service_accounts": null,
            "source_tags": null,
            "target_service_accounts": null,
            "target_tags": [
              "my-cluster"
            ],
            "timeouts": null
          },
          "sensitive_attributes": [],
          "identity_schema_version": 0,
          "private": "eyJlMmJmYjczMC1lY2FhLTExZTYtOGY4OC0zNDM2M2JjN2M0YzAiOnsiY3JlYXRlIjoyNDAwMDAwMDAwMDAsImRlbGV0ZSI6MjQwMDAwMDAwMDAwLCJ1cGRhdGUiOjI0MDAwMDAwMDAwMH0sInNjaGVtYV92ZXJzaW9uIjoiMSJ9",
          "dependencies": [
            "google_compute_network.default"
          ]
        }
      ]
    },
    {
      "mode": "managed",
      "type": "google_compute_forwarding_rule",
      "name": "redirect",
      "provider": "provider[\"registry.terraform.io/hashicorp/google-beta\"]",
      "instances": []
    },
    {
      "mode": "managed",
      "type": "google_compute_network",
      "name": "default",
      "provider": "provider[\"registry.terraform.io/hashicorp/google-beta\"]",
      "instances": [
        {
          "schema_version": 0,
          "attributes": {
            "auto_create_subnetworks": false,
            "delete_default_routes_on_create": false,
            "description": "",
            "gateway_ipv4": "",
            "id": "projects/centryl-erp-123/global/networks/my-network",
            "mtu": 0,
            "name": "my-network",
            "project": "centryl-erp-123",
            "routing_mode": "REGIONAL",
            "self_link": "https://www.googleapis.com/compute/v1/projects/centryl-erp-123/global/networks/my-network",
            "timeouts": null
          },
          "sensitive_attributes": [],
          "identity_schema_version": 0,
          "private": "eyJlMmJmYjczMC1lY2FhLTExZTYtOGY4OC0zNDM2M2JjN2M0YzAiOnsiY3JlYXRlIjoyNDAwMDAwMDAwMDAsImRlbGV0ZSI6MjQwMDAwMDAwMDAwLCJ1cGRhdGUiOjI0MDAwMDAwMDAwMH19"
        }
      ]
    },
    {
      "mode": "managed",
      "type": "google_compute_region_health_check",
      "name": "default",
      "provider": "provider[\"registry.terraform.io/hashicorp/google-beta\"]",
      "instances": [
        {
          "schema_version": 0,
          "attributes": {
            "check_interval_sec": 3,
            "creation_timestamp": "2026-01-21T01:43:09.862-08:00",
            "description": "",
            "grpc_health_check": [],
            "healthy_threshold": 1,
            "http2_health_check": [],
            "http_health_check": [
              {
                "host": "",
                "port": 0,
                "port_name": "",
                "port_specification": "USE_SERVING_PORT",
                "proxy_header": "NONE",
                "request_path": "/",
                "response": ""
              }
            ],
            "https_health_check": [],
            "id": "projects/centryl-erp-123/regions/europe-west1/healthChecks/l7-xlb-basic-check-http",
            "log_config": [
              {
                "enable": false
              }
            ],
            "name": "l7-xlb-basic-check-http",
            "project": "centryl-erp-123",
            "region": "europe-west1",
            "self_link": "https://www.googleapis.com/compute/v1/projects/centryl-erp-123/regions/europe-west1/healthChecks/l7-xlb-basic-check-http",
            "ssl_health_check": [],
            "tcp_health_check": [],
            "timeout_sec": 1,
            "timeouts": null,
            "type": "HTTP",
            "unhealthy_threshold": 1
          },
          "sensitive_attributes": [],
          "identity_schema_version": 0,
          "private": "eyJlMmJmYjczMC1lY2FhLTExZTYtOGY4OC0zNDM2M2JjN2M0YzAiOnsiY3JlYXRlIjoyNDAwMDAwMDAwMDAsImRlbGV0ZSI6MjQwMDAwMDAwMDAwLCJ1cGRhdGUiOjI0MDAwMDAwMDAwMH19",
          "dependencies": [
            "google_compute_firewall.default",
            "google_compute_network.default",
            "google_compute_subnetwork.default"
          ]
        }
      ]
    },
    {
      "mode": "managed",
      "type": "google_compute_region_ssl_certificate",
      "name": "default",
      "provider": "provider[\"registry.terraform.io/hashicorp/google-beta\"]",
      "instances": [
        {
          "schema_version": 0,
          "attributes": {
            "certificate": "-----BEGIN CERTIFICATE-----\nMIIClDCCAXwCCQCj/ZckbrmyoDANBgkqhkiG9w0BAQsFADAMMQowCAYDVQQDDAEq\nMB4XDTIyMDEyMzE4NTAyOVoXDTIzMDEyMzE4NTAyOVowDDEKMAgGA1UEAwwBKjCC\nASIwDQYJKoZIhvcNAQEBBQADggEPADCCAQoCggEBAL/R/zF9vca9olFKlZIhwn+H\nUHoqGG3DH/5gUkHlqu077gAJRPtKFL3PeqrT135IkEYZsAMYpL6VC8Qs0z2A3mlE\nLn7Yz59dUh+XmkGpTRIZpzgQg+GhG00Jw1hN9oaljYvsu35FfUU59bIsIUq+X0/t\nD/+sQG87CkRL9osXefHwC1KNwRpmWm2ycOk3XmL1p5L4DjiKW3OWe4VbUwcZEwjE\ngktvD+M1XhHedTmqS1nuGy0XJ3Gcm8UeVqK6fDHc2HWqmr8lx6juRM/j3RQMyBRI\nSyCgy2+4ITiZVfYIOsrb2V79GLMcSa9F1nWhkYosfucYzkg25NNzkvwHMKu3/P0C\nAwEAATANBgkqhkiG9w0BAQsFAAOCAQEABMcKtcHp+qsEJ39UNE3I+XyZC6VmJzqq\nrOh0IuSr4nljZWBV+mjscHcwAHvNgKirGbqLnWXDMrKr+R69E4vUk/DelSc0tCFQ\nY1UVq8LFqxssFVUtcpy8rJGTo1N2kQFoHSrLguR1LteuYawIC2QRJ4P/UzC0eObn\nkkRJqQshqR0i5AhzWMMx/apUOYQO9KHxswGv0vZmCkbwKlyH2OcLChOSWKZoZM72\nNWBM59T05+VYdo4lyNNpfMXohBl1S+M3tvoWEnElBjXtQHkElhJDivJGkUA33GKb\nb+WCU505IhimKKuk0PZyn4/wuOrrYyx8iaVFhmnEVKbixZ+vVGjghg==\n-----END CERTIFICATE-----\n",
            "certificate_id": 7008856236055404866,
            "creation_timestamp": "2026-01-21T01:43:09.803-08:00",
            "description": "SSL certificate for l7-xlb-proxy-https",
            "id": "projects/centryl-erp-123/regions/europe-west1/sslCertificates/my-ssl-cert",
            "name": "my-ssl-cert",
            "name_prefix": null,
            "private_key": "-----BEGIN PRIVATE KEY-----\nMIIEvQIBADANBgkqhkiG9w0BAQEFAASCBKcwggSjAgEAAoIBAQC/0f8xfb3GvaJR\nSpWSIcJ/h1B6Khhtwx/+YFJB5artO+4ACUT7ShS9z3qq09d+SJBGGbADGKS+lQvE\nLNM9gN5pRC5+2M+fXVIfl5pBqU0SGac4EIPhoRtNCcNYTfaGpY2L7Lt+RX1FOfWy\nLCFKvl9P7Q//rEBvOwpES/aLF3nx8AtSjcEaZlptsnDpN15i9aeS+A44iltzlnuF\nW1MHGRMIxIJLbw/jNV4R3nU5qktZ7hstFydxnJvFHlaiunwx3Nh1qpq/Jceo7kTP\n490UDMgUSEsgoMtvuCE4mVX2CDrK29le/RizHEmvRdZ1oZGKLH7nGM5INuTTc5L8\nBzCrt/z9AgMBAAECggEAPOrm/YOuWkhtHR3vpEn+Z9vEThfCTFF0fqd+WBklEFRB\nAFfxRVDAh4s1rLy8KgnHb8vGnyUbZL8WzoVhzJ15hLq3fWdDgJv1cb0GqyWmKUJm\nXaK5D1XHws5/8DJKQXagHjjfTnmpD+wZQC1NoVwWDt79frfoeqqoVwo80O1yt8dz\n1U18VgiBnAfd3qO+sLahaUVtE2KhRzjJeV/ppiak6gwbOUC4ZfpX0P4zpVARfBTZ\nuCNr+KI/Z7q02je4Tj5nyCyTIwIeS90HONGt12V1M0UE5Rp58418rvgmLIylNylS\nDUggLRYpbcdaH5r4l/n+avBCYYx1C4fwnyliFZdXYQKBgQDvYz2OBwJfZEmhgADm\nIVp9UcbOMbErklwAwc2ie99IWEFhTGK18xVKOD1EyZSR9XROM3wHY4sMRq3MaEuZ\nD83T7yhi2RW0cjUMzMwBNywQqMosQQ5FtMWELA8jqQCZr7jruF0Ms1D/oOGdEoPB\nCWvHso1OGnQvJUp98YtgzWx0eQKBgQDNIbb7mKm9A3ZwmKicF8UU+hNkyzWTleC3\nxRk4eG2AC2i0hKOocLmb1bfQOIqjYsyCJFWd1Yj7FROOm6U1vYWgVbKm5ih2U9JC\ns+Hj/f9+/aaigahBfU6XCnzfsqFL0fUFpzBVJQvxrnEdo44WIkgShXVVCF7c/cQr\ny3Iwuy+DpQKBgQCnR43oBXXe+tGJDU2TgpMdJ1vpEkhfzjKEROlRNYZdo25sc1g3\nFNo3tvz5aHNtWzweuVNeRm0P8wPX5rmNB8Io6uIp0NCd+4CepS2ZW9hq+8frDLrQ\ncvXi2nbp0FsfCfAKqBY9ncBoISAHBr0S02aBcX/UqB+wIjrfrz5aMrIq4QKBgGeC\nccE3Yb9c9fEPN1W8sNhK8GpWGCzm3kQdEwLp0edg2m7s12BxsVcvWteZEGwtuKCb\nERDZ5Ys9MWcupwkdH0aut718OkKrPVgnSP8w9jHwcJtj7bFON9ADnMuMadPGmGtH\n2B2+2e4UZkPceiA1IEUoTvKfjK7a5phqyq5IZkt5AoGAYxehVWpv78nB/W8FTWPx\nbwFL15CY33ZnjywD2RT6JgLF6FpuSCfG7GpkKgcxzcIz0x0haxDLUc/BePrUJrjj\nP2WHObx7+zQ7gN6YEA89qSb0c9oPCiaIZJSZ8jQ3HYzfgvyvXvMZ38Ie8RVpqf+M\nZdETWRbpansG0zRGd2H2P4I=\n-----END PRIVATE KEY-----\n",
            "project": "centryl-erp-123",
            "region": "europe-west1",
            "self_link": "https://www.googleapis.com/compute/v1/projects/centryl-erp-123/regions/europe-west1/sslCertificates/my-ssl-cert",
            "timeouts": null
          },
          "sensitive_attributes": [
            [
              {
                "type": "get_attr",
                "value": "certificate"
              }
            ],
            [
              {
                "type": "get_attr",
                "value": "private_key"
              }
            ]
          ],
          "identity_schema_version": 0,
          "private": "eyJlMmJmYjczMC1lY2FhLTExZTYtOGY4OC0zNDM2M2JjN2M0YzAiOnsiY3JlYXRlIjoyNDAwMDAwMDAwMDAsImRlbGV0ZSI6MjQwMDAwMDAwMDAwfX0=",
          "dependencies": [
            "google_compute_network.default",
            "google_compute_subnetwork.default"
          ]
        }
      ]
    },
    {
      "mode": "managed",
      "type": "google_compute_region_target_http_proxy",
      "name": "redirect",
      "provider": "provider[\"registry.terraform.io/hashicorp/google-beta\"]",
      "instances": [
        {
          "schema_version": 0,
          "attributes": {
            "creation_timestamp": "2026-01-21T01:43:20.501-08:00",
            "description": "",
            "id": "projects/centryl-erp-123/regions/europe-west1/targetHttpProxies/l7-xlb-proxy-http-redirect",
            "name": "l7-xlb-proxy-http-redirect",
            "project": "centryl-erp-123",
            "proxy_id": 492981219812516183,
            "region": "europe-west1",
            "self_link": "https://www.googleapis.com/compute/v1/projects/centryl-erp-123/regions/europe-west1/targetHttpProxies/l7-xlb-proxy-http-redirect",
            "timeouts": null,
            "url_map": "https://www.googleapis.com/compute/v1/projects/centryl-erp-123/regions/europe-west1/urlMaps/regional-l7-xlb-map-http-redirect"
          },
          "sensitive_attributes": [],
          "identity_schema_version": 0,
          "private": "eyJlMmJmYjczMC1lY2FhLTExZTYtOGY4OC0zNDM2M2JjN2M0YzAiOnsiY3JlYXRlIjoyNDAwMDAwMDAwMDAsImRlbGV0ZSI6MjQwMDAwMDAwMDAwLCJ1cGRhdGUiOjI0MDAwMDAwMDAwMH19",
          "dependencies": [
            "google_compute_network.default",
            "google_compute_region_url_map.redirect",
            "google_compute_subnetwork.default"
          ]
        }
      ]
    },
    {
      "mode": "managed",
      "type": "google_compute_region_url_map",
      "name": "redirect",
      "provider": "provider[\"registry.terraform.io/hashicorp/google-beta\"]",
      "instances": [
        {
          "schema_version": 0,
          "attributes": {
            "creation_timestamp": "2026-01-21T01:43:09.791-08:00",
            "default_service": "",
            "default_url_redirect": [
              {
                "host_redirect": "",
                "https_redirect": true,
                "path_redirect": "",
                "prefix_redirect": "",
                "redirect_response_code": "",
                "strip_query": false
              }
            ],
            "description": "",
            "fingerprint": "NNUY1wvERyA=",
            "host_rule": [],
            "id": "projects/centryl-erp-123/regions/europe-west1/urlMaps/regional-l7-xlb-map-http-redirect",
            "map_id": 2950355395398148418,
            "name": "regional-l7-xlb-map-http-redirect",
            "path_matcher": [],
            "project": "centryl-erp-123",
            "region": "europe-west1",
            "self_link": "https://www.googleapis.com/compute/v1/projects/centryl-erp-123/regions/europe-west1/urlMaps/regional-l7-xlb-map-http-redirect",
            "test": [],
            "timeouts": null
          },
          "sensitive_attributes": [],
          "identity_schema_version": 0,
          "private": "eyJlMmJmYjczMC1lY2FhLTExZTYtOGY4OC0zNDM2M2JjN2M0YzAiOnsiY3JlYXRlIjoyNDAwMDAwMDAwMDAsImRlbGV0ZSI6MjQwMDAwMDAwMDAwLCJ1cGRhdGUiOjI0MDAwMDAwMDAwMH19",
          "dependencies": [
            "google_compute_network.default",
            "google_compute_subnetwork.default"
          ]
        }
      ]
    },
    {
      "mode": "managed",
      "type": "google_compute_router",
      "name": "router",
      "provider": "provider[\"registry.terraform.io/hashicorp/google-beta\"]",
      "instances": [
        {
          "schema_version": 0,
          "attributes": {
            "bgp": [],
            "creation_timestamp": "2026-01-21T01:43:09.968-08:00",
            "description": "",
            "encrypted_interconnect_router": false,
            "id": "projects/centryl-erp-123/regions/europe-west1/routers/nat-router",
            "name": "nat-router",
            "network": "https://www.googleapis.com/compute/v1/projects/centryl-erp-123/global/networks/my-network",
            "project": "centryl-erp-123",
            "region": "europe-west1",
            "self_link": "https://www.googleapis.com/compute/v1/projects/centryl-erp-123/regions/europe-west1/routers/nat-router",
            "timeouts": null
          },
          "sensitive_attributes": [],
          "identity_schema_version": 0,
          "private": "eyJlMmJmYjczMC1lY2FhLTExZTYtOGY4OC0zNDM2M2JjN2M0YzAiOnsiY3JlYXRlIjoyNDAwMDAwMDAwMDAsImRlbGV0ZSI6MjQwMDAwMDAwMDAwLCJ1cGRhdGUiOjI0MDAwMDAwMDAwMH19",
          "dependencies": [
            "google_compute_network.default",
            "google_compute_subnetwork.default"
          ]
        }
      ]
    },
    {
      "mode": "managed",
      "type": "google_compute_router_nat",
      "name": "nat",
      "provider": "provider[\"registry.terraform.io/hashicorp/google-beta\"]",
      "instances": [
        {
          "schema_version": 0,
          "attributes": {
            "drain_nat_ips": null,
            "enable_endpoint_independent_mapping": true,
            "icmp_idle_timeout_sec": 30,
            "id": "centryl-erp-123/europe-west1/nat-router/router-nat",
            "log_config": [],
            "min_ports_per_vm": 0,
            "name": "router-nat",
            "nat_ip_allocate_option": "AUTO_ONLY",
            "nat_ips": null,
            "project": "centryl-erp-123",
            "region": "europe-west1",
            "router": "nat-router",
            "source_subnetwork_ip_ranges_to_nat": "ALL_SUBNETWORKS_ALL_IP_RANGES",
            "subnetwork": [],
            "tcp_established_idle_timeout_sec": 1200,
            "tcp_transitory_idle_timeout_sec": 30,
            "timeouts": null,
            "udp_idle_timeout_sec": 30
          },
          "sensitive_attributes": [],
          "identity_schema_version": 0,
          "private": "eyJlMmJmYjczMC1lY2FhLTExZTYtOGY4OC0zNDM2M2JjN2M0YzAiOnsiY3JlYXRlIjo2MDAwMDAwMDAwMDAsImRlbGV0ZSI6NjAwMDAwMDAwMDAwLCJ1cGRhdGUiOjYwMDAwMDAwMDAwMH19",
          "dependencies": [
            "google_compute_network.default",
            "google_compute_router.router",
            "google_compute_subnetwork.default"
          ]
        }
      ]
    },
    {
      "mode": "managed",
      "type": "google_compute_subnetwork",
      "name": "default",
      "provider": "provider[\"registry.terraform.io/hashicorp/google-beta\"]",
      "instances": [
        {
          "schema_version": 0,
          "attributes": {
            "creation_timestamp": "2026-01-21T01:42:38.741-08:00",
            "description": "",
            "external_ipv6_prefix": "",
            "fingerprint": null,
            "gateway_address": "10.0.0.1",
            "id": "projects/centryl-erp-123/regions/europe-west1/subnetworks/my-cluster-subnet",
            "ip_cidr_range": "10.0.0.0/24",
            "ipv6_access_type": "",
            "ipv6_cidr_range": "",
            "log_config": [],
            "name": "my-cluster-subnet",
            "network": "https://www.googleapis.com/compute/v1/projects/centryl-erp-123/global/networks/my-network",
            "private_ip_google_access": false,
            "private_ipv6_google_access": "DISABLE_GOOGLE_ACCESS",
            "project": "centryl-erp-123",
            "purpose": "PRIVATE",
            "region": "europe-west1",
            "role": "",
            "secondary_ip_range": [],
            "self_link": "https://www.googleapis.com/compute/v1/projects/centryl-erp-123/regions/europe-west1/subnetworks/my-cluster-subnet",
            "stack_type": "IPV4_ONLY",
            "timeouts": null
          },
          "sensitive_attributes": [],
          "identity_schema_version": 0,
          "private": "eyJlMmJmYjczMC1lY2FhLTExZTYtOGY4OC0zNDM2M2JjN2M0YzAiOnsiY3JlYXRlIjozNjAwMDAwMDAwMDAsImRlbGV0ZSI6MzYwMDAwMDAwMDAwLCJ1cGRhdGUiOjM2MDAwMDAwMDAwMH19",
          "dependencies": [
            "google_compute_network.default"
          ]
        }
      ]
    },
    {
      "mode": "managed",
      "type": "google_compute_subnetwork",
      "name": "proxy",
      "provider": "provider[\"registry.terraform.io/hashicorp/google-beta\"]",
      "instances": [
        {
          "schema_version": 0,
          "attributes": {
            "creation_timestamp": "2026-01-21T01:42:38.807-08:00",
            "description": "",
            "external_ipv6_prefix": "",
            "fingerprint": null,
            "gateway_address": "11.129.0.1",
            "id": "projects/centryl-erp-123/regions/europe-west1/subnetworks/proxy-only-subnet",
            "ip_cidr_range": "11.129.0.0/23",
            "ipv6_access_type": "",
            "ipv6_cidr_range": "",
            "log_config": [],
            "name": "proxy-only-subnet",
            "network": "https://www.googleapis.com/compute/v1/projects/centryl-erp-123/global/networks/my-network",
            "private_ip_google_access": false,
            "private_ipv6_google_access": "DISABLE_GOOGLE_ACCESS",
            "project": "centryl-erp-123",
            "purpose": "REGIONAL_MANAGED_PROXY",
            "region": "europe-west1",
            "role": "ACTIVE",
            "secondary_ip_range": [],
            "self_link": "https://www.googleapis.com/compute/v1/projects/centryl-erp-123/regions/europe-west1/subnetworks/proxy-only-subnet",
            "stack_type": "",
            "timeouts": null
          },
          "sensitive_attributes": [],
          "identity_schema_version": 0,
          "private": "eyJlMmJmYjczMC1lY2FhLTExZTYtOGY4OC0zNDM2M2JjN2M0YzAiOnsiY3JlYXRlIjozNjAwMDAwMDAwMDAsImRlbGV0ZSI6MzYwMDAwMDAwMDAwLCJ1cGRhdGUiOjM2MDAwMDAwMDAwMH19",
          "dependencies": [
            "google_compute_network.default"
          ]
        }
      ]
    },
    {
      "mode": "managed",
      "type": "null_resource",
      "name": "delete_ingressgateway",
      "provider": "provider[\"registry.terraform.io/hashicorp/null\"]",
      "instances": [
        {
          "schema_version": 0,
          "attributes": {
            "id": "1165065335589021815",
            "triggers": null
          },
          "sensitive_attributes": [],
          "identity_schema_version": 0
        }
      ]
    }
  ],
  "check_results": null
}
